{
  "name": "extra-npm",
  "version": "1.0.4",
  "lockfileVersion": 1,
  "requires": true,
  "dependencies": {
    "builtins": {
      "version": "1.0.3",
      "resolved": "https://registry.npmjs.org/builtins/-/builtins-1.0.3.tgz",
      "integrity": "sha1-y5T662HIaWRR2zZTThQi+U8K7og="
    },
    "npm-user-validate": {
      "version": "1.0.0",
      "resolved": "https://registry.npmjs.org/npm-user-validate/-/npm-user-validate-1.0.0.tgz",
      "integrity": "sha1-jOyg9c6gTU6TUZ73LQVXp1Ei6VE="
    },
    "semver": {
      "version": "5.6.0",
      "resolved": "https://registry.npmjs.org/semver/-/semver-5.6.0.tgz",
      "integrity": "sha512-RS9R6R35NYgQn++fkDWaOmqGoj4Ek9gGs+DPxNUZKuwE183xjJroKvyo1IzVFeXvUrvmALy6FWD5xrdJT25gMg=="
    },
    "spdx-correct": {
      "version": "3.0.2",
      "resolved": "https://registry.npmjs.org/spdx-correct/-/spdx-correct-3.0.2.tgz",
      "integrity": "sha512-q9hedtzyXHr5S0A1vEPoK/7l8NpfkFYTq6iCY+Pno2ZbdZR6WexZFtqeVGkGxW3TEJMN914Z55EnAGMmenlIQQ==",
      "requires": {
        "spdx-expression-parse": "3.0.0",
        "spdx-license-ids": "3.0.2"
      }
    },
    "spdx-exceptions": {
      "version": "2.2.0",
      "resolved": "https://registry.npmjs.org/spdx-exceptions/-/spdx-exceptions-2.2.0.tgz",
      "integrity": "sha512-2XQACfElKi9SlVb1CYadKDXvoajPgBVPn/gOQLrTvHdElaVhr7ZEbqJaRnJLVNeaI4cMEAgVCeBMKF6MWRDCRA=="
    },
    "spdx-expression-parse": {
      "version": "3.0.0",
      "resolved": "https://registry.npmjs.org/spdx-expression-parse/-/spdx-expression-parse-3.0.0.tgz",
      "integrity": "sha512-Yg6D3XpRD4kkOmTpdgbUiEJFKghJH03fiC1OPll5h/0sO6neh2jqRDVHOQ4o/LMea0tgCkbMgea5ip/e+MkWyg==",
      "requires": {
        "spdx-exceptions": "2.2.0",
        "spdx-license-ids": "3.0.2"
      }
    },
    "spdx-license-ids": {
      "version": "3.0.2",
      "resolved": "https://registry.npmjs.org/spdx-license-ids/-/spdx-license-ids-3.0.2.tgz",
      "integrity": "sha512-qky9CVt0lVIECkEsYbNILVnPvycuEBkXoMFLRWsREkomQLevYhtRKC+R91a5TOAQ3bCMjikRwhyaRqj1VYatYg=="
    },
    "validate-npm-package-license": {
      "version": "3.0.4",
      "resolved": "https://registry.npmjs.org/validate-npm-package-license/-/validate-npm-package-license-3.0.4.tgz",
      "integrity": "sha512-DpKm2Ui/xN7/HQKCtpZxoRWBhZ9Z0kqtygG8XCgNQ8ZlDnxuQmWhj566j8fN4Cu3/JmbhsDo7fcAJq4s9h27Ew==",
      "requires": {
        "spdx-correct": "3.0.2",
        "spdx-expression-parse": "3.0.0"
      }
    },
    "validate-npm-package-name": {
      "version": "3.0.0",
      "resolved": "https://registry.npmjs.org/validate-npm-package-name/-/validate-npm-package-name-3.0.0.tgz",
      "integrity": "sha1-X6kS2B630MdK/BQN5zF/DKffQ34=",
      "requires": {
        "builtins": "1.0.3"
      }
    }
  }
}
